
Microsoft Visual Studio Solution File, Format Version 12.00
# Visual Studio Version 16
VisualStudioVersion = 16.0.30709.132
MinimumVisualStudioVersion = 10.0.40219.1
Project("{FAE04EC0-301F-11D3-BF4B-00C04F79EFBC}") = "ProyectoAPI", "ProyectoAPI\ProyectoAPI.csproj", "{4A730D9F-BC55-4BFF-A031-A74DEDAEC926}"
	ProjectSection(ProjectDependencies) = postProject
		{010DCD99-EE76-4FCA-A3EC-58D8BD158BDB} = {010DCD99-EE76-4FCA-A3EC-58D8BD158BDB}
	EndProjectSection
EndProject
Project("{FAE04EC0-301F-11D3-BF4B-00C04F79EFBC}") = "ProyectoDATA", "ProyectoDATA\ProyectoDATA.csproj", "{010DCD99-EE76-4FCA-A3EC-58D8BD158BDB}"
EndProject
Global
	GlobalSection(SolutionConfigurationPlatforms) = preSolution
		Debug|Any CPU = Debug|Any CPU
		Release|Any CPU = Release|Any CPU
	EndGlobalSection
	GlobalSection(ProjectConfigurationPlatforms) = postSolution
		{4A730D9F-BC55-4BFF-A031-A74DEDAEC926}.Debug|Any CPU.ActiveCfg = Debug|Any CPU
		{4A730D9F-BC55-4BFF-A031-A74DEDAEC926}.Debug|Any CPU.Build.0 = Debug|Any CPU
		{4A730D9F-BC55-4BFF-A031-A74DEDAEC926}.Release|Any CPU.ActiveCfg = Release|Any CPU
		{4A730D9F-BC55-4BFF-A031-A74DEDAEC926}.Release|Any CPU.Build.0 = Release|Any CPU
		{010DCD99-EE76-4FCA-A3EC-58D8BD158BDB}.Debug|Any CPU.ActiveCfg = Debug|Any CPU
		{010DCD99-EE76-4FCA-A3EC-58D8BD158BDB}.Debug|Any CPU.Build.0 = Debug|Any CPU
		{010DCD99-EE76-4FCA-A3EC-58D8BD158BDB}.Release|Any CPU.ActiveCfg = Release|Any CPU
		{010DCD99-EE76-4FCA-A3EC-58D8BD158BDB}.Release|Any CPU.Build.0 = Release|Any CPU
	EndGlobalSection
	GlobalSection(SolutionProperties) = preSolution
		HideSolutionNode = FALSE
	EndGlobalSection
	GlobalSection(ExtensibilityGlobals) = postSolution
		SolutionGuid = {59AC815B-0DFF-4D0D-8A2B-7AEB93BDC7B6}
	EndGlobalSection
EndGlobal
